
Microsoft Visual Studio Solution File, Format Version 12.00
# Visual Studio Version 16
VisualStudioVersion = 16.0.30204.135
MinimumVisualStudioVersion = 10.0.40219.1
Project("{FAE04EC0-301F-11D3-BF4B-00C04F79EFBC}") = "PCRGuildAutoBattleHelper", "PCRGuildAutoBattleHelper\PCRGuildAutoBattleHelper.csproj", "{8C1EC453-FE64-4777-926B-8617FC5270BC}"
EndProject
Project("{54435603-DBB4-11D2-8724-00A0C9A8B90C}") = "PCRAutoBattleScript", "PCRAutoBattleScript\PCRAutoBattleScript.vdproj", "{824D25BB-DE50-4512-9696-8A201FFFB52C}"
EndProject
Global
	GlobalSection(SolutionConfigurationPlatforms) = preSolution
		Debug|Any CPU = Debug|Any CPU
		Release|Any CPU = Release|Any CPU
	EndGlobalSection
	GlobalSection(ProjectConfigurationPlatforms) = postSolution
		{8C1EC453-FE64-4777-926B-8617FC5270BC}.Debug|Any CPU.ActiveCfg = Debug|Any CPU
		{8C1EC453-FE64-4777-926B-8617FC5270BC}.Debug|Any CPU.Build.0 = Debug|Any CPU
		{8C1EC453-FE64-4777-926B-8617FC5270BC}.Release|Any CPU.ActiveCfg = Release|Any CPU
		{8C1EC453-FE64-4777-926B-8617FC5270BC}.Release|Any CPU.Build.0 = Release|Any CPU
		{824D25BB-DE50-4512-9696-8A201FFFB52C}.Debug|Any CPU.ActiveCfg = Debug
		{824D25BB-DE50-4512-9696-8A201FFFB52C}.Release|Any CPU.ActiveCfg = Release
	EndGlobalSection
	GlobalSection(SolutionProperties) = preSolution
		HideSolutionNode = FALSE
	EndGlobalSection
	GlobalSection(ExtensibilityGlobals) = postSolution
		SolutionGuid = {B2A98B8A-C06A-4CB6-9A0B-3761CE92635F}
	EndGlobalSection
EndGlobal
